# This file is automatically @generated by Cargo.
# It is not intended for manual editing.
version = 3

[[package]]
name = "listas"
version = "0.1.0"
dependencies = [
 "vecstorage",
]

[[package]]
name = "vecstorage"
version = "0.1.2"
source = "registry+https://github.com/rust-lang/crates.io-index"
checksum = "e2b73d7b1c7a9696ea9a3a102b632cf9242d4c056ce4fcbbe1eccf8aed294e75"
